
Microsoft Visual Studio Solution File, Format Version 10.00
# Visual Studio 2008
Project("{FAE04EC0-301F-11D3-BF4B-00C04F79EFBC}") = "ClassLibrary1", "ClassLibrary1.csproj", "{CE0374D2-0CD4-40C4-82EC-13D28EDF71ED}"
EndProject
Global
	GlobalSection(SolutionConfigurationPlatforms) = preSolution
		Debug|Any CPU = Debug|Any CPU
		Release|Any CPU = Release|Any CPU
	EndGlobalSection
	GlobalSection(ProjectConfigurationPlatforms) = postSolution
		{CE0374D2-0CD4-40C4-82EC-13D28EDF71ED}.Debug|Any CPU.ActiveCfg = Debug|Any CPU
		{CE0374D2-0CD4-40C4-82EC-13D28EDF71ED}.Debug|Any CPU.Build.0 = Debug|Any CPU
		{CE0374D2-0CD4-40C4-82EC-13D28EDF71ED}.Release|Any CPU.ActiveCfg = Release|Any CPU
		{CE0374D2-0CD4-40C4-82EC-13D28EDF71ED}.Release|Any CPU.Build.0 = Release|Any CPU
	EndGlobalSection
	GlobalSection(SolutionProperties) = preSolution
		HideSolutionNode = FALSE
	EndGlobalSection
EndGlobal
